
Microsoft Visual Studio Solution File, Format Version 12.00
# Visual Studio Version 17
VisualStudioVersion = 17.13.35818.85
MinimumVisualStudioVersion = 10.0.40219.1
Project("{FAE04EC0-301F-11D3-BF4B-00C04F79EFBC}") = "KTGK_1", "KTGK_1.csproj", "{3A1FCAA1-6544-42A5-92F6-A5A29AF749A3}"
EndProject
Project("{FAE04EC0-301F-11D3-BF4B-00C04F79EFBC}") = "KTGK_MVC", "..\KTGK_MVC\KTGK_MVC.csproj", "{83EBA44E-A1B8-A618-E401-F8F09DA49528}"
EndProject
Global
	GlobalSection(SolutionConfigurationPlatforms) = preSolution
		Debug|Any CPU = Debug|Any CPU
		Release|Any CPU = Release|Any CPU
	EndGlobalSection
	GlobalSection(ProjectConfigurationPlatforms) = postSolution
		{3A1FCAA1-6544-42A5-92F6-A5A29AF749A3}.Debug|Any CPU.ActiveCfg = Debug|Any CPU
		{3A1FCAA1-6544-42A5-92F6-A5A29AF749A3}.Debug|Any CPU.Build.0 = Debug|Any CPU
		{3A1FCAA1-6544-42A5-92F6-A5A29AF749A3}.Release|Any CPU.ActiveCfg = Release|Any CPU
		{3A1FCAA1-6544-42A5-92F6-A5A29AF749A3}.Release|Any CPU.Build.0 = Release|Any CPU
		{83EBA44E-A1B8-A618-E401-F8F09DA49528}.Debug|Any CPU.ActiveCfg = Debug|Any CPU
		{83EBA44E-A1B8-A618-E401-F8F09DA49528}.Debug|Any CPU.Build.0 = Debug|Any CPU
		{83EBA44E-A1B8-A618-E401-F8F09DA49528}.Release|Any CPU.ActiveCfg = Release|Any CPU
		{83EBA44E-A1B8-A618-E401-F8F09DA49528}.Release|Any CPU.Build.0 = Release|Any CPU
	EndGlobalSection
	GlobalSection(SolutionProperties) = preSolution
		HideSolutionNode = FALSE
	EndGlobalSection
	GlobalSection(ExtensibilityGlobals) = postSolution
		SolutionGuid = {965AB938-35E3-4BB4-AA98-A0A28DADCC81}
	EndGlobalSection
EndGlobal
